
Microsoft Visual Studio Solution File, Format Version 12.00
# Visual Studio Version 17
VisualStudioVersion = 17.1.32414.318
MinimumVisualStudioVersion = 10.0.40219.1
Project("{FAE04EC0-301F-11D3-BF4B-00C04F79EFBC}") = "tic-tac-toe-vb", "tic-tac-toe-vb\tic-tac-toe-vb.csproj", "{697ECDAF-C557-4BE9-883D-E584943C7F29}"
EndProject
Global
	GlobalSection(SolutionConfigurationPlatforms) = preSolution
		Debug|Any CPU = Debug|Any CPU
		Release|Any CPU = Release|Any CPU
	EndGlobalSection
	GlobalSection(ProjectConfigurationPlatforms) = postSolution
		{697ECDAF-C557-4BE9-883D-E584943C7F29}.Debug|Any CPU.ActiveCfg = Debug|Any CPU
		{697ECDAF-C557-4BE9-883D-E584943C7F29}.Debug|Any CPU.Build.0 = Debug|Any CPU
		{697ECDAF-C557-4BE9-883D-E584943C7F29}.Release|Any CPU.ActiveCfg = Release|Any CPU
		{697ECDAF-C557-4BE9-883D-E584943C7F29}.Release|Any CPU.Build.0 = Release|Any CPU
	EndGlobalSection
	GlobalSection(SolutionProperties) = preSolution
		HideSolutionNode = FALSE
	EndGlobalSection
	GlobalSection(ExtensibilityGlobals) = postSolution
		SolutionGuid = {F98D4D19-CD1F-4B30-B6BC-EF305F0213E6}
	EndGlobalSection
EndGlobal
